
Microsoft Visual Studio Solution File, Format Version 12.00
# Visual Studio 15
VisualStudioVersion = 15.0.28307.168
MinimumVisualStudioVersion = 10.0.40219.1
Project("{FAE04EC0-301F-11D3-BF4B-00C04F79EFBC}") = "TransferTax", "TransferTax\TransferTax.csproj", "{469D3B18-1569-41B9-974E-73AAE8801836}"
EndProject
Global
	GlobalSection(SolutionConfigurationPlatforms) = preSolution
		Debug|Any CPU = Debug|Any CPU
		Release|Any CPU = Release|Any CPU
	EndGlobalSection
	GlobalSection(ProjectConfigurationPlatforms) = postSolution
		{469D3B18-1569-41B9-974E-73AAE8801836}.Debug|Any CPU.ActiveCfg = Debug|Any CPU
		{469D3B18-1569-41B9-974E-73AAE8801836}.Debug|Any CPU.Build.0 = Debug|Any CPU
		{469D3B18-1569-41B9-974E-73AAE8801836}.Release|Any CPU.ActiveCfg = Release|Any CPU
		{469D3B18-1569-41B9-974E-73AAE8801836}.Release|Any CPU.Build.0 = Release|Any CPU
	EndGlobalSection
	GlobalSection(SolutionProperties) = preSolution
		HideSolutionNode = FALSE
	EndGlobalSection
	GlobalSection(ExtensibilityGlobals) = postSolution
		SolutionGuid = {C23EBB4F-2672-466A-8CDE-E5708B02BABC}
	EndGlobalSection
EndGlobal
